
Microsoft Visual Studio Solution File, Format Version 12.00
# Visual Studio 2017
Project("{FAE04EC0-301F-11D3-BF4B-00C04F79EFBC}") = "Candy adventure", "Candy adventure.csproj", "{7FC9BB2B-C435-650A-70C9-08871376A987}"
EndProject
Project("{FAE04EC0-301F-11D3-BF4B-00C04F79EFBC}") = "Candy adventure.Plugins", "Candy adventure.Plugins.csproj", "{CA7E9006-225D-7DBA-B564-53DBE65CE4E3}"
EndProject
Project("{FAE04EC0-301F-11D3-BF4B-00C04F79EFBC}") = "Candy adventure.Editor", "Candy adventure.Editor.csproj", "{8ED82684-4EA1-9CEA-5826-956AABF46458}"
EndProject
Global
	GlobalSection(SolutionConfigurationPlatforms) = preSolution
		Debug|Any CPU = Debug|Any CPU
		Release|Any CPU = Release|Any CPU
	EndGlobalSection
	GlobalSection(ProjectConfigurationPlatforms) = postSolution
		{7FC9BB2B-C435-650A-70C9-08871376A987}.Debug|Any CPU.ActiveCfg = Debug|Any CPU
		{7FC9BB2B-C435-650A-70C9-08871376A987}.Debug|Any CPU.Build.0 = Debug|Any CPU
		{7FC9BB2B-C435-650A-70C9-08871376A987}.Release|Any CPU.ActiveCfg = Release|Any CPU
		{7FC9BB2B-C435-650A-70C9-08871376A987}.Release|Any CPU.Build.0 = Release|Any CPU
		{CA7E9006-225D-7DBA-B564-53DBE65CE4E3}.Debug|Any CPU.ActiveCfg = Debug|Any CPU
		{CA7E9006-225D-7DBA-B564-53DBE65CE4E3}.Debug|Any CPU.Build.0 = Debug|Any CPU
		{CA7E9006-225D-7DBA-B564-53DBE65CE4E3}.Release|Any CPU.ActiveCfg = Release|Any CPU
		{CA7E9006-225D-7DBA-B564-53DBE65CE4E3}.Release|Any CPU.Build.0 = Release|Any CPU
		{8ED82684-4EA1-9CEA-5826-956AABF46458}.Debug|Any CPU.ActiveCfg = Debug|Any CPU
		{8ED82684-4EA1-9CEA-5826-956AABF46458}.Debug|Any CPU.Build.0 = Debug|Any CPU
		{8ED82684-4EA1-9CEA-5826-956AABF46458}.Release|Any CPU.ActiveCfg = Release|Any CPU
		{8ED82684-4EA1-9CEA-5826-956AABF46458}.Release|Any CPU.Build.0 = Release|Any CPU
	EndGlobalSection
	GlobalSection(SolutionProperties) = preSolution
		HideSolutionNode = FALSE
	EndGlobalSection
EndGlobal
